dependencies:
- name: elasticsearch
  repository: https://raw.githubusercontent.com/bitnami/charts/archive-full-index/bitnami
  version: 19.0.1
- name: postgresql
  repository: https://raw.githubusercontent.com/bitnami/charts/archive-full-index/bitnami
  version: 12.12.10
- name: redis
  repository: https://raw.githubusercontent.com/bitnami/charts/archive-full-index/bitnami
  version: 16.13.2
- name: common
  repository: https://raw.githubusercontent.com/bitnami/charts/archive-full-index/bitnami
  version: 2.2.4
digest: sha256:f347776c2d612dd4c01c10eb6a7ea8b034128c5b55621d8b5e9bbbd2c0800511
generated: "2023-09-27T10:59:10.177342798Z"
