dependencies:
- name: mastodon
  repository: ""
  version: 4.0.0
- name: kubernetes-secret-generator
  repository: https://helm.mittwald.de
  version: 3.4.0
- name: postgresql
  repository: ""
  version: 0.1.0
digest: sha256:097dd7e392f312c1cefe79c98e2a6162dbe27d17fa744988bb7a9ef9c8890907
generated: "2023-04-21T15:35:06.55696+02:00"
