dependencies:
- name: mastodon
  repository: ""
  version: 4.0.0
- name: kubernetes-secret-generator
  repository: https://helm.mittwald.de
  version: 3.4.0
- name: postgresql
  repository: ""
  version: 0.1.0
- name: redis
  repository: ""
  version: 0.1.0
digest: sha256:758b38129474be5ad050f5fdcd4ff47a3dab4569ca141556a4c1040bdbbdb987
generated: "2023-04-21T16:20:52.770535+02:00"
